
Microsoft Visual Studio Solution File, Format Version 12.00
# Visual Studio Version 16
VisualStudioVersion = 16.0.31410.357
MinimumVisualStudioVersion = 10.0.40219.1
Project("{FAE04EC0-301F-11D3-BF4B-00C04F79EFBC}") = "RadarIO.Xamarin.Android.Binding", "Bindings\RadarIO.Xamarin.Android.Binding\RadarIO.Xamarin.Android.Binding.csproj", "{9E0ED523-3FA7-482D-ABFD-EA805D3314E6}"
EndProject
Project("{2150E333-8FDC-42A3-9474-1A3956D46DE8}") = "Bindings", "Bindings", "{A1060F06-5B69-4231-A449-7A798D3CC5E6}"
EndProject
Project("{2150E333-8FDC-42A3-9474-1A3956D46DE8}") = "Tests", "Tests", "{85978DCB-4F9C-4CF0-872D-DD225AD71EF6}"
EndProject
Project("{FAE04EC0-301F-11D3-BF4B-00C04F79EFBC}") = "AndroidBindingTest", "Bindings\Tests\AndroidBindingTest\AndroidBindingTest.csproj", "{24F46F22-0F9D-433C-804C-26414C49E637}"
EndProject
Project("{FAE04EC0-301F-11D3-BF4B-00C04F79EFBC}") = "RadarIO.Xamarin.iOS.Binding", "Bindings\RadarIO.Xamarin.iOS.Binding\RadarIO.Xamarin.iOS.Binding.csproj", "{5FB78078-54B6-4051-9657-542C56C8FE74}"
EndProject
Project("{FAE04EC0-301F-11D3-BF4B-00C04F79EFBC}") = "iOSBindingTest", "Bindings\Tests\iOSBindingTest\iOSBindingTest.csproj", "{FB300B1C-CE9B-4441-8D28-928BB8912FE7}"
EndProject
Project("{2150E333-8FDC-42A3-9474-1A3956D46DE8}") = "Library", "Library", "{DB730659-604C-434D-93B4-9B10160BF05F}"
EndProject
Project("{FAE04EC0-301F-11D3-BF4B-00C04F79EFBC}") = "RadarIO.Xamarin", "Library\RadarIO.Xamarin\RadarIO.Xamarin.csproj", "{4F609A57-4CA2-4243-858F-2132C55A560C}"
EndProject
Global
	GlobalSection(SolutionConfigurationPlatforms) = preSolution
		Debug|Any CPU = Debug|Any CPU
		Release|Any CPU = Release|Any CPU
		Debug|iPhoneSimulator = Debug|iPhoneSimulator
		Release|iPhoneSimulator = Release|iPhoneSimulator
		Debug|iPhone = Debug|iPhone
		Release|iPhone = Release|iPhone
	EndGlobalSection
	GlobalSection(ProjectConfigurationPlatforms) = postSolution
		{9E0ED523-3FA7-482D-ABFD-EA805D3314E6}.Debug|Any CPU.ActiveCfg = Debug|Any CPU
		{9E0ED523-3FA7-482D-ABFD-EA805D3314E6}.Debug|Any CPU.Build.0 = Debug|Any CPU
		{9E0ED523-3FA7-482D-ABFD-EA805D3314E6}.Release|Any CPU.ActiveCfg = Release|Any CPU
		{9E0ED523-3FA7-482D-ABFD-EA805D3314E6}.Release|Any CPU.Build.0 = Release|Any CPU
		{9E0ED523-3FA7-482D-ABFD-EA805D3314E6}.Debug|iPhoneSimulator.ActiveCfg = Debug|Any CPU
		{9E0ED523-3FA7-482D-ABFD-EA805D3314E6}.Debug|iPhoneSimulator.Build.0 = Debug|Any CPU
		{9E0ED523-3FA7-482D-ABFD-EA805D3314E6}.Release|iPhoneSimulator.ActiveCfg = Release|Any CPU
		{9E0ED523-3FA7-482D-ABFD-EA805D3314E6}.Release|iPhoneSimulator.Build.0 = Release|Any CPU
		{9E0ED523-3FA7-482D-ABFD-EA805D3314E6}.Debug|iPhone.ActiveCfg = Debug|Any CPU
		{9E0ED523-3FA7-482D-ABFD-EA805D3314E6}.Debug|iPhone.Build.0 = Debug|Any CPU
		{9E0ED523-3FA7-482D-ABFD-EA805D3314E6}.Release|iPhone.ActiveCfg = Release|Any CPU
		{9E0ED523-3FA7-482D-ABFD-EA805D3314E6}.Release|iPhone.Build.0 = Release|Any CPU
		{24F46F22-0F9D-433C-804C-26414C49E637}.Debug|Any CPU.ActiveCfg = Debug|Any CPU
		{24F46F22-0F9D-433C-804C-26414C49E637}.Debug|Any CPU.Build.0 = Debug|Any CPU
		{24F46F22-0F9D-433C-804C-26414C49E637}.Debug|Any CPU.Deploy.0 = Debug|Any CPU
		{24F46F22-0F9D-433C-804C-26414C49E637}.Release|Any CPU.ActiveCfg = Release|Any CPU
		{24F46F22-0F9D-433C-804C-26414C49E637}.Release|Any CPU.Build.0 = Release|Any CPU
		{24F46F22-0F9D-433C-804C-26414C49E637}.Release|Any CPU.Deploy.0 = Release|Any CPU
		{24F46F22-0F9D-433C-804C-26414C49E637}.Debug|iPhoneSimulator.ActiveCfg = Debug|Any CPU
		{24F46F22-0F9D-433C-804C-26414C49E637}.Debug|iPhoneSimulator.Build.0 = Debug|Any CPU
		{24F46F22-0F9D-433C-804C-26414C49E637}.Release|iPhoneSimulator.ActiveCfg = Release|Any CPU
		{24F46F22-0F9D-433C-804C-26414C49E637}.Release|iPhoneSimulator.Build.0 = Release|Any CPU
		{24F46F22-0F9D-433C-804C-26414C49E637}.Debug|iPhone.ActiveCfg = Debug|Any CPU
		{24F46F22-0F9D-433C-804C-26414C49E637}.Debug|iPhone.Build.0 = Debug|Any CPU
		{24F46F22-0F9D-433C-804C-26414C49E637}.Release|iPhone.ActiveCfg = Release|Any CPU
		{24F46F22-0F9D-433C-804C-26414C49E637}.Release|iPhone.Build.0 = Release|Any CPU
		{5FB78078-54B6-4051-9657-542C56C8FE74}.Debug|Any CPU.ActiveCfg = Debug|Any CPU
		{5FB78078-54B6-4051-9657-542C56C8FE74}.Debug|Any CPU.Build.0 = Debug|Any CPU
		{5FB78078-54B6-4051-9657-542C56C8FE74}.Release|Any CPU.ActiveCfg = Release|Any CPU
		{5FB78078-54B6-4051-9657-542C56C8FE74}.Release|Any CPU.Build.0 = Release|Any CPU
		{5FB78078-54B6-4051-9657-542C56C8FE74}.Debug|iPhoneSimulator.ActiveCfg = Debug|Any CPU
		{5FB78078-54B6-4051-9657-542C56C8FE74}.Debug|iPhoneSimulator.Build.0 = Debug|Any CPU
		{5FB78078-54B6-4051-9657-542C56C8FE74}.Release|iPhoneSimulator.ActiveCfg = Release|Any CPU
		{5FB78078-54B6-4051-9657-542C56C8FE74}.Release|iPhoneSimulator.Build.0 = Release|Any CPU
		{5FB78078-54B6-4051-9657-542C56C8FE74}.Debug|iPhone.ActiveCfg = Debug|Any CPU
		{5FB78078-54B6-4051-9657-542C56C8FE74}.Debug|iPhone.Build.0 = Debug|Any CPU
		{5FB78078-54B6-4051-9657-542C56C8FE74}.Release|iPhone.ActiveCfg = Release|Any CPU
		{5FB78078-54B6-4051-9657-542C56C8FE74}.Release|iPhone.Build.0 = Release|Any CPU
		{FB300B1C-CE9B-4441-8D28-928BB8912FE7}.Debug|Any CPU.ActiveCfg = Debug|iPhoneSimulator
		{FB300B1C-CE9B-4441-8D28-928BB8912FE7}.Debug|Any CPU.Build.0 = Debug|iPhoneSimulator
		{FB300B1C-CE9B-4441-8D28-928BB8912FE7}.Release|Any CPU.ActiveCfg = Release|iPhoneSimulator
		{FB300B1C-CE9B-4441-8D28-928BB8912FE7}.Release|Any CPU.Build.0 = Release|iPhoneSimulator
		{FB300B1C-CE9B-4441-8D28-928BB8912FE7}.Debug|iPhoneSimulator.ActiveCfg = Debug|iPhoneSimulator
		{FB300B1C-CE9B-4441-8D28-928BB8912FE7}.Debug|iPhoneSimulator.Build.0 = Debug|iPhoneSimulator
		{FB300B1C-CE9B-4441-8D28-928BB8912FE7}.Release|iPhoneSimulator.ActiveCfg = Release|iPhoneSimulator
		{FB300B1C-CE9B-4441-8D28-928BB8912FE7}.Release|iPhoneSimulator.Build.0 = Release|iPhoneSimulator
		{FB300B1C-CE9B-4441-8D28-928BB8912FE7}.Debug|iPhone.ActiveCfg = Debug|iPhone
		{FB300B1C-CE9B-4441-8D28-928BB8912FE7}.Debug|iPhone.Build.0 = Debug|iPhone
		{FB300B1C-CE9B-4441-8D28-928BB8912FE7}.Release|iPhone.ActiveCfg = Release|iPhone
		{FB300B1C-CE9B-4441-8D28-928BB8912FE7}.Release|iPhone.Build.0 = Release|iPhone
		{4F609A57-4CA2-4243-858F-2132C55A560C}.Debug|Any CPU.ActiveCfg = Debug|Any CPU
		{4F609A57-4CA2-4243-858F-2132C55A560C}.Debug|Any CPU.Build.0 = Debug|Any CPU
		{4F609A57-4CA2-4243-858F-2132C55A560C}.Release|Any CPU.ActiveCfg = Release|Any CPU
		{4F609A57-4CA2-4243-858F-2132C55A560C}.Release|Any CPU.Build.0 = Release|Any CPU
		{4F609A57-4CA2-4243-858F-2132C55A560C}.Debug|iPhoneSimulator.ActiveCfg = Debug|Any CPU
		{4F609A57-4CA2-4243-858F-2132C55A560C}.Debug|iPhoneSimulator.Build.0 = Debug|Any CPU
		{4F609A57-4CA2-4243-858F-2132C55A560C}.Release|iPhoneSimulator.ActiveCfg = Release|Any CPU
		{4F609A57-4CA2-4243-858F-2132C55A560C}.Release|iPhoneSimulator.Build.0 = Release|Any CPU
		{4F609A57-4CA2-4243-858F-2132C55A560C}.Debug|iPhone.ActiveCfg = Debug|Any CPU
		{4F609A57-4CA2-4243-858F-2132C55A560C}.Debug|iPhone.Build.0 = Debug|Any CPU
		{4F609A57-4CA2-4243-858F-2132C55A560C}.Release|iPhone.ActiveCfg = Release|Any CPU
		{4F609A57-4CA2-4243-858F-2132C55A560C}.Release|iPhone.Build.0 = Release|Any CPU
	EndGlobalSection
	GlobalSection(SolutionProperties) = preSolution
		HideSolutionNode = FALSE
	EndGlobalSection
	GlobalSection(NestedProjects) = preSolution
		{9E0ED523-3FA7-482D-ABFD-EA805D3314E6} = {A1060F06-5B69-4231-A449-7A798D3CC5E6}
		{85978DCB-4F9C-4CF0-872D-DD225AD71EF6} = {A1060F06-5B69-4231-A449-7A798D3CC5E6}
		{24F46F22-0F9D-433C-804C-26414C49E637} = {85978DCB-4F9C-4CF0-872D-DD225AD71EF6}
		{5FB78078-54B6-4051-9657-542C56C8FE74} = {A1060F06-5B69-4231-A449-7A798D3CC5E6}
		{FB300B1C-CE9B-4441-8D28-928BB8912FE7} = {85978DCB-4F9C-4CF0-872D-DD225AD71EF6}
		{4F609A57-4CA2-4243-858F-2132C55A560C} = {DB730659-604C-434D-93B4-9B10160BF05F}
	EndGlobalSection
	GlobalSection(ExtensibilityGlobals) = postSolution
		SolutionGuid = {E2DB13CA-DFF2-4565-91BF-E73C6989750C}
	EndGlobalSection
EndGlobal
