
Microsoft Visual Studio Solution File, Format Version 12.00
# Visual Studio Version 16
VisualStudioVersion = 16.0.31410.357
MinimumVisualStudioVersion = 10.0.40219.1
Project("{FAE04EC0-301F-11D3-BF4B-00C04F79EFBC}") = "RadarIO.Xamarin.AndroidBinding", "Bindings\RadarIO.Xamarin.Android.Binding\RadarIO.Xamarin.AndroidBinding.csproj", "{9E0ED523-3FA7-482D-ABFD-EA805D3314E6}"
EndProject
Project("{2150E333-8FDC-42A3-9474-1A3956D46DE8}") = "Bindings", "Bindings", "{A1060F06-5B69-4231-A449-7A798D3CC5E6}"
EndProject
Project("{FAE04EC0-301F-11D3-BF4B-00C04F79EFBC}") = "RadarIO.Xamarin.iOSBinding", "Bindings\RadarIO.Xamarin.iOS.Binding\RadarIO.Xamarin.iOSBinding.csproj", "{5FB78078-54B6-4051-9657-542C56C8FE74}"
EndProject
Project("{2150E333-8FDC-42A3-9474-1A3956D46DE8}") = "Library", "Library", "{DB730659-604C-434D-93B4-9B10160BF05F}"
	ProjectSection(SolutionItems) = preProject
		Library\RadarIO.nuspec = Library\RadarIO.nuspec
		Library\radar-nuget-icon.png = Library\radar-nuget-icon.png
	EndProjectSection
EndProject
Project("{FAE04EC0-301F-11D3-BF4B-00C04F79EFBC}") = "RadarIO.Xamarin.iOS", "Library\RadarIO.Xamarin.iOS\RadarIO.Xamarin.iOS.csproj", "{96A9AE3E-4F49-4201-99B4-132D54C4BCD7}"
EndProject
Project("{2150E333-8FDC-42A3-9474-1A3956D46DE8}") = "Samples", "Samples", "{6F49DFD5-3F59-4A85-8EFC-5B672B7A99BE}"
EndProject
Project("{FAE04EC0-301F-11D3-BF4B-00C04F79EFBC}") = "RadarIO.Xamarin.Android", "Library\RadarIO.Xamarin.Android\RadarIO.Xamarin.Android.csproj", "{A58253CF-FE16-41D7-BDAF-E90662E3EB36}"
EndProject
Project("{2150E333-8FDC-42A3-9474-1A3956D46DE8}") = "Solution Items", "Solution Items", "{EEF021D8-7047-42DB-B9EC-D7C9D6D5D2FF}"
	ProjectSection(SolutionItems) = preProject
		LICENSE.txt = LICENSE.txt
		build.sh = build.sh
		.github\workflows\nuget-publish.yml = .github\workflows\nuget-publish.yml
		.github\workflows\ci-build.yml = .github\workflows\ci-build.yml
		MIGRATION.md = MIGRATION.md
	EndProjectSection
EndProject
Project("{FAE04EC0-301F-11D3-BF4B-00C04F79EFBC}") = "RadarIO.Xamarin.Lib", "Library\RadarIO.Xamarin.Lib\RadarIO.Xamarin.Lib.csproj", "{1184D2A1-CFB1-4898-9D30-55B52BC66703}"
EndProject
Project("{FAE04EC0-301F-11D3-BF4B-00C04F79EFBC}") = "RadarIO.Xamarin", "Library\RadarIO.Xamarin\RadarIO.Xamarin.csproj", "{4A3FA97A-7D49-4D33-AA67-1148555EEAC9}"
EndProject
Project("{9344BDBB-3E7F-41FC-A0DD-8665D75EE146}") = "RadarIO.Xamarin.iOS.Sample", "Samples\RadarIO.Xamarin.iOS.Sample\RadarIO.Xamarin.iOS.Sample.csproj", "{0A2FAA7A-50D7-4DDE-8C14-2B3E20DF2FDF}"
EndProject
Project("{9344BDBB-3E7F-41FC-A0DD-8665D75EE146}") = "RadarIO.Xamarin.Android.Sample", "Samples\RadarIO.Xamarin.Android.Sample\RadarIO.Xamarin.Android.Sample.csproj", "{90C87C7E-A80D-4273-968A-0D5EB0031C36}"
EndProject
Project("{9344BDBB-3E7F-41FC-A0DD-8665D75EE146}") = "RadarIO.Xamarin.Sample.Shared", "Samples\RadarIO.Xamarin.Sample.Shared\RadarIO.Xamarin.Sample.Shared.csproj", "{CF16D540-65AC-4BBF-AE29-73249827EBD0}"
EndProject
Global
	GlobalSection(SolutionConfigurationPlatforms) = preSolution
		Debug|Any CPU = Debug|Any CPU
		Debug|iPhone = Debug|iPhone
		Debug|iPhoneSimulator = Debug|iPhoneSimulator
		Release|Any CPU = Release|Any CPU
		Release|iPhone = Release|iPhone
		Release|iPhoneSimulator = Release|iPhoneSimulator
	EndGlobalSection
	GlobalSection(ProjectConfigurationPlatforms) = postSolution
		{9E0ED523-3FA7-482D-ABFD-EA805D3314E6}.Debug|Any CPU.ActiveCfg = Debug|Any CPU
		{9E0ED523-3FA7-482D-ABFD-EA805D3314E6}.Debug|Any CPU.Build.0 = Debug|Any CPU
		{9E0ED523-3FA7-482D-ABFD-EA805D3314E6}.Debug|iPhone.ActiveCfg = Debug|Any CPU
		{9E0ED523-3FA7-482D-ABFD-EA805D3314E6}.Debug|iPhone.Build.0 = Debug|Any CPU
		{9E0ED523-3FA7-482D-ABFD-EA805D3314E6}.Debug|iPhoneSimulator.ActiveCfg = Debug|Any CPU
		{9E0ED523-3FA7-482D-ABFD-EA805D3314E6}.Debug|iPhoneSimulator.Build.0 = Debug|Any CPU
		{9E0ED523-3FA7-482D-ABFD-EA805D3314E6}.Release|Any CPU.ActiveCfg = Release|Any CPU
		{9E0ED523-3FA7-482D-ABFD-EA805D3314E6}.Release|Any CPU.Build.0 = Release|Any CPU
		{9E0ED523-3FA7-482D-ABFD-EA805D3314E6}.Release|iPhone.ActiveCfg = Release|Any CPU
		{9E0ED523-3FA7-482D-ABFD-EA805D3314E6}.Release|iPhone.Build.0 = Release|Any CPU
		{9E0ED523-3FA7-482D-ABFD-EA805D3314E6}.Release|iPhoneSimulator.ActiveCfg = Release|Any CPU
		{9E0ED523-3FA7-482D-ABFD-EA805D3314E6}.Release|iPhoneSimulator.Build.0 = Release|Any CPU
		{5FB78078-54B6-4051-9657-542C56C8FE74}.Debug|Any CPU.ActiveCfg = Debug|Any CPU
		{5FB78078-54B6-4051-9657-542C56C8FE74}.Debug|Any CPU.Build.0 = Debug|Any CPU
		{5FB78078-54B6-4051-9657-542C56C8FE74}.Debug|iPhone.ActiveCfg = Debug|Any CPU
		{5FB78078-54B6-4051-9657-542C56C8FE74}.Debug|iPhone.Build.0 = Debug|Any CPU
		{5FB78078-54B6-4051-9657-542C56C8FE74}.Debug|iPhoneSimulator.ActiveCfg = Debug|Any CPU
		{5FB78078-54B6-4051-9657-542C56C8FE74}.Debug|iPhoneSimulator.Build.0 = Debug|Any CPU
		{5FB78078-54B6-4051-9657-542C56C8FE74}.Release|Any CPU.ActiveCfg = Release|Any CPU
		{5FB78078-54B6-4051-9657-542C56C8FE74}.Release|Any CPU.Build.0 = Release|Any CPU
		{5FB78078-54B6-4051-9657-542C56C8FE74}.Release|iPhone.ActiveCfg = Release|Any CPU
		{5FB78078-54B6-4051-9657-542C56C8FE74}.Release|iPhone.Build.0 = Release|Any CPU
		{5FB78078-54B6-4051-9657-542C56C8FE74}.Release|iPhoneSimulator.ActiveCfg = Release|Any CPU
		{5FB78078-54B6-4051-9657-542C56C8FE74}.Release|iPhoneSimulator.Build.0 = Release|Any CPU
		{96A9AE3E-4F49-4201-99B4-132D54C4BCD7}.Debug|Any CPU.ActiveCfg = Debug|Any CPU
		{96A9AE3E-4F49-4201-99B4-132D54C4BCD7}.Debug|Any CPU.Build.0 = Debug|Any CPU
		{96A9AE3E-4F49-4201-99B4-132D54C4BCD7}.Debug|iPhone.ActiveCfg = Debug|Any CPU
		{96A9AE3E-4F49-4201-99B4-132D54C4BCD7}.Debug|iPhone.Build.0 = Debug|Any CPU
		{96A9AE3E-4F49-4201-99B4-132D54C4BCD7}.Debug|iPhoneSimulator.ActiveCfg = Debug|Any CPU
		{96A9AE3E-4F49-4201-99B4-132D54C4BCD7}.Debug|iPhoneSimulator.Build.0 = Debug|Any CPU
		{96A9AE3E-4F49-4201-99B4-132D54C4BCD7}.Release|Any CPU.ActiveCfg = Release|Any CPU
		{96A9AE3E-4F49-4201-99B4-132D54C4BCD7}.Release|Any CPU.Build.0 = Release|Any CPU
		{96A9AE3E-4F49-4201-99B4-132D54C4BCD7}.Release|iPhone.ActiveCfg = Release|Any CPU
		{96A9AE3E-4F49-4201-99B4-132D54C4BCD7}.Release|iPhone.Build.0 = Release|Any CPU
		{96A9AE3E-4F49-4201-99B4-132D54C4BCD7}.Release|iPhoneSimulator.ActiveCfg = Release|Any CPU
		{96A9AE3E-4F49-4201-99B4-132D54C4BCD7}.Release|iPhoneSimulator.Build.0 = Release|Any CPU
		{A58253CF-FE16-41D7-BDAF-E90662E3EB36}.Debug|Any CPU.ActiveCfg = Debug|Any CPU
		{A58253CF-FE16-41D7-BDAF-E90662E3EB36}.Debug|Any CPU.Build.0 = Debug|Any CPU
		{A58253CF-FE16-41D7-BDAF-E90662E3EB36}.Debug|iPhone.ActiveCfg = Debug|Any CPU
		{A58253CF-FE16-41D7-BDAF-E90662E3EB36}.Debug|iPhone.Build.0 = Debug|Any CPU
		{A58253CF-FE16-41D7-BDAF-E90662E3EB36}.Debug|iPhoneSimulator.ActiveCfg = Debug|Any CPU
		{A58253CF-FE16-41D7-BDAF-E90662E3EB36}.Debug|iPhoneSimulator.Build.0 = Debug|Any CPU
		{A58253CF-FE16-41D7-BDAF-E90662E3EB36}.Release|Any CPU.ActiveCfg = Release|Any CPU
		{A58253CF-FE16-41D7-BDAF-E90662E3EB36}.Release|Any CPU.Build.0 = Release|Any CPU
		{A58253CF-FE16-41D7-BDAF-E90662E3EB36}.Release|iPhone.ActiveCfg = Release|Any CPU
		{A58253CF-FE16-41D7-BDAF-E90662E3EB36}.Release|iPhone.Build.0 = Release|Any CPU
		{A58253CF-FE16-41D7-BDAF-E90662E3EB36}.Release|iPhoneSimulator.ActiveCfg = Release|Any CPU
		{A58253CF-FE16-41D7-BDAF-E90662E3EB36}.Release|iPhoneSimulator.Build.0 = Release|Any CPU
		{1184D2A1-CFB1-4898-9D30-55B52BC66703}.Debug|Any CPU.ActiveCfg = Debug|Any CPU
		{1184D2A1-CFB1-4898-9D30-55B52BC66703}.Debug|Any CPU.Build.0 = Debug|Any CPU
		{1184D2A1-CFB1-4898-9D30-55B52BC66703}.Debug|iPhone.ActiveCfg = Debug|Any CPU
		{1184D2A1-CFB1-4898-9D30-55B52BC66703}.Debug|iPhone.Build.0 = Debug|Any CPU
		{1184D2A1-CFB1-4898-9D30-55B52BC66703}.Debug|iPhoneSimulator.ActiveCfg = Debug|Any CPU
		{1184D2A1-CFB1-4898-9D30-55B52BC66703}.Debug|iPhoneSimulator.Build.0 = Debug|Any CPU
		{1184D2A1-CFB1-4898-9D30-55B52BC66703}.Release|Any CPU.ActiveCfg = Release|Any CPU
		{1184D2A1-CFB1-4898-9D30-55B52BC66703}.Release|Any CPU.Build.0 = Release|Any CPU
		{1184D2A1-CFB1-4898-9D30-55B52BC66703}.Release|iPhone.ActiveCfg = Release|Any CPU
		{1184D2A1-CFB1-4898-9D30-55B52BC66703}.Release|iPhone.Build.0 = Release|Any CPU
		{1184D2A1-CFB1-4898-9D30-55B52BC66703}.Release|iPhoneSimulator.ActiveCfg = Release|Any CPU
		{1184D2A1-CFB1-4898-9D30-55B52BC66703}.Release|iPhoneSimulator.Build.0 = Release|Any CPU
		{4A3FA97A-7D49-4D33-AA67-1148555EEAC9}.Debug|Any CPU.ActiveCfg = Debug|Any CPU
		{4A3FA97A-7D49-4D33-AA67-1148555EEAC9}.Debug|Any CPU.Build.0 = Debug|Any CPU
		{4A3FA97A-7D49-4D33-AA67-1148555EEAC9}.Debug|iPhone.ActiveCfg = Debug|Any CPU
		{4A3FA97A-7D49-4D33-AA67-1148555EEAC9}.Debug|iPhone.Build.0 = Debug|Any CPU
		{4A3FA97A-7D49-4D33-AA67-1148555EEAC9}.Debug|iPhoneSimulator.ActiveCfg = Debug|Any CPU
		{4A3FA97A-7D49-4D33-AA67-1148555EEAC9}.Debug|iPhoneSimulator.Build.0 = Debug|Any CPU
		{4A3FA97A-7D49-4D33-AA67-1148555EEAC9}.Release|Any CPU.ActiveCfg = Release|Any CPU
		{4A3FA97A-7D49-4D33-AA67-1148555EEAC9}.Release|Any CPU.Build.0 = Release|Any CPU
		{4A3FA97A-7D49-4D33-AA67-1148555EEAC9}.Release|iPhone.ActiveCfg = Release|Any CPU
		{4A3FA97A-7D49-4D33-AA67-1148555EEAC9}.Release|iPhone.Build.0 = Release|Any CPU
		{4A3FA97A-7D49-4D33-AA67-1148555EEAC9}.Release|iPhoneSimulator.ActiveCfg = Release|Any CPU
		{4A3FA97A-7D49-4D33-AA67-1148555EEAC9}.Release|iPhoneSimulator.Build.0 = Release|Any CPU
		{0A2FAA7A-50D7-4DDE-8C14-2B3E20DF2FDF}.Debug|Any CPU.ActiveCfg = Debug|iPhoneSimulator
		{0A2FAA7A-50D7-4DDE-8C14-2B3E20DF2FDF}.Debug|Any CPU.Build.0 = Debug|iPhoneSimulator
		{0A2FAA7A-50D7-4DDE-8C14-2B3E20DF2FDF}.Debug|iPhone.ActiveCfg = Debug|iPhone
		{0A2FAA7A-50D7-4DDE-8C14-2B3E20DF2FDF}.Debug|iPhone.Build.0 = Debug|iPhone
		{0A2FAA7A-50D7-4DDE-8C14-2B3E20DF2FDF}.Debug|iPhoneSimulator.ActiveCfg = Debug|iPhoneSimulator
		{0A2FAA7A-50D7-4DDE-8C14-2B3E20DF2FDF}.Debug|iPhoneSimulator.Build.0 = Debug|iPhoneSimulator
		{0A2FAA7A-50D7-4DDE-8C14-2B3E20DF2FDF}.Release|Any CPU.ActiveCfg = Release|iPhoneSimulator
		{0A2FAA7A-50D7-4DDE-8C14-2B3E20DF2FDF}.Release|Any CPU.Build.0 = Release|iPhoneSimulator
		{0A2FAA7A-50D7-4DDE-8C14-2B3E20DF2FDF}.Release|iPhone.ActiveCfg = Release|iPhone
		{0A2FAA7A-50D7-4DDE-8C14-2B3E20DF2FDF}.Release|iPhone.Build.0 = Release|iPhone
		{0A2FAA7A-50D7-4DDE-8C14-2B3E20DF2FDF}.Release|iPhoneSimulator.ActiveCfg = Release|iPhoneSimulator
		{0A2FAA7A-50D7-4DDE-8C14-2B3E20DF2FDF}.Release|iPhoneSimulator.Build.0 = Release|iPhoneSimulator
		{90C87C7E-A80D-4273-968A-0D5EB0031C36}.Debug|Any CPU.ActiveCfg = Debug|Any CPU
		{90C87C7E-A80D-4273-968A-0D5EB0031C36}.Debug|Any CPU.Build.0 = Debug|Any CPU
		{90C87C7E-A80D-4273-968A-0D5EB0031C36}.Debug|Any CPU.Deploy.0 = Debug|Any CPU
		{90C87C7E-A80D-4273-968A-0D5EB0031C36}.Debug|iPhone.ActiveCfg = Debug|Any CPU
		{90C87C7E-A80D-4273-968A-0D5EB0031C36}.Debug|iPhone.Build.0 = Debug|Any CPU
		{90C87C7E-A80D-4273-968A-0D5EB0031C36}.Debug|iPhoneSimulator.ActiveCfg = Debug|Any CPU
		{90C87C7E-A80D-4273-968A-0D5EB0031C36}.Debug|iPhoneSimulator.Build.0 = Debug|Any CPU
		{90C87C7E-A80D-4273-968A-0D5EB0031C36}.Release|Any CPU.ActiveCfg = Release|Any CPU
		{90C87C7E-A80D-4273-968A-0D5EB0031C36}.Release|Any CPU.Build.0 = Release|Any CPU
		{90C87C7E-A80D-4273-968A-0D5EB0031C36}.Release|iPhone.ActiveCfg = Release|Any CPU
		{90C87C7E-A80D-4273-968A-0D5EB0031C36}.Release|iPhone.Build.0 = Release|Any CPU
		{90C87C7E-A80D-4273-968A-0D5EB0031C36}.Release|iPhoneSimulator.ActiveCfg = Release|Any CPU
		{90C87C7E-A80D-4273-968A-0D5EB0031C36}.Release|iPhoneSimulator.Build.0 = Release|Any CPU
		{CF16D540-65AC-4BBF-AE29-73249827EBD0}.Debug|Any CPU.ActiveCfg = Debug|Any CPU
		{CF16D540-65AC-4BBF-AE29-73249827EBD0}.Debug|Any CPU.Build.0 = Debug|Any CPU
		{CF16D540-65AC-4BBF-AE29-73249827EBD0}.Debug|iPhone.ActiveCfg = Debug|Any CPU
		{CF16D540-65AC-4BBF-AE29-73249827EBD0}.Debug|iPhone.Build.0 = Debug|Any CPU
		{CF16D540-65AC-4BBF-AE29-73249827EBD0}.Debug|iPhoneSimulator.ActiveCfg = Debug|Any CPU
		{CF16D540-65AC-4BBF-AE29-73249827EBD0}.Debug|iPhoneSimulator.Build.0 = Debug|Any CPU
		{CF16D540-65AC-4BBF-AE29-73249827EBD0}.Release|Any CPU.ActiveCfg = Release|Any CPU
		{CF16D540-65AC-4BBF-AE29-73249827EBD0}.Release|Any CPU.Build.0 = Release|Any CPU
		{CF16D540-65AC-4BBF-AE29-73249827EBD0}.Release|iPhone.ActiveCfg = Release|Any CPU
		{CF16D540-65AC-4BBF-AE29-73249827EBD0}.Release|iPhone.Build.0 = Release|Any CPU
		{CF16D540-65AC-4BBF-AE29-73249827EBD0}.Release|iPhoneSimulator.ActiveCfg = Release|Any CPU
		{CF16D540-65AC-4BBF-AE29-73249827EBD0}.Release|iPhoneSimulator.Build.0 = Release|Any CPU
	EndGlobalSection
	GlobalSection(SolutionProperties) = preSolution
		HideSolutionNode = FALSE
	EndGlobalSection
	GlobalSection(NestedProjects) = preSolution
		{9E0ED523-3FA7-482D-ABFD-EA805D3314E6} = {A1060F06-5B69-4231-A449-7A798D3CC5E6}
		{5FB78078-54B6-4051-9657-542C56C8FE74} = {A1060F06-5B69-4231-A449-7A798D3CC5E6}
		{96A9AE3E-4F49-4201-99B4-132D54C4BCD7} = {DB730659-604C-434D-93B4-9B10160BF05F}
		{A58253CF-FE16-41D7-BDAF-E90662E3EB36} = {DB730659-604C-434D-93B4-9B10160BF05F}
		{1184D2A1-CFB1-4898-9D30-55B52BC66703} = {DB730659-604C-434D-93B4-9B10160BF05F}
		{4A3FA97A-7D49-4D33-AA67-1148555EEAC9} = {DB730659-604C-434D-93B4-9B10160BF05F}
		{0A2FAA7A-50D7-4DDE-8C14-2B3E20DF2FDF} = {6F49DFD5-3F59-4A85-8EFC-5B672B7A99BE}
		{90C87C7E-A80D-4273-968A-0D5EB0031C36} = {6F49DFD5-3F59-4A85-8EFC-5B672B7A99BE}
		{CF16D540-65AC-4BBF-AE29-73249827EBD0} = {6F49DFD5-3F59-4A85-8EFC-5B672B7A99BE}
	EndGlobalSection
	GlobalSection(ExtensibilityGlobals) = postSolution
		SolutionGuid = {E2DB13CA-DFF2-4565-91BF-E73C6989750C}
	EndGlobalSection
EndGlobal
