
Microsoft Visual Studio Solution File, Format Version 12.00
# Visual Studio Version 16
VisualStudioVersion = 16.0.31410.357
MinimumVisualStudioVersion = 10.0.40219.1
Project("{FAE04EC0-301F-11D3-BF4B-00C04F79EFBC}") = "RadarIO.Xamarin.AndroidBinding", "Bindings\RadarIO.Xamarin.Android.Binding\RadarIO.Xamarin.AndroidBinding.csproj", "{9E0ED523-3FA7-482D-ABFD-EA805D3314E6}"
EndProject
Project("{2150E333-8FDC-42A3-9474-1A3956D46DE8}") = "Bindings", "Bindings", "{A1060F06-5B69-4231-A449-7A798D3CC5E6}"
EndProject
Project("{FAE04EC0-301F-11D3-BF4B-00C04F79EFBC}") = "RadarIO.Xamarin.iOSBinding", "Bindings\RadarIO.Xamarin.iOS.Binding\RadarIO.Xamarin.iOSBinding.csproj", "{5FB78078-54B6-4051-9657-542C56C8FE74}"
EndProject
Project("{2150E333-8FDC-42A3-9474-1A3956D46DE8}") = "Library", "Library", "{DB730659-604C-434D-93B4-9B10160BF05F}"
	ProjectSection(SolutionItems) = preProject
		Library\RadarIO.nuspec = Library\RadarIO.nuspec
		Library\radar-nuget-icon.png = Library\radar-nuget-icon.png
	EndProjectSection
EndProject
Project("{FAE04EC0-301F-11D3-BF4B-00C04F79EFBC}") = "RadarIO.Xamarin.iOS", "Library\RadarIO.Xamarin.iOS\RadarIO.Xamarin.iOS.csproj", "{96A9AE3E-4F49-4201-99B4-132D54C4BCD7}"
EndProject
Project("{2150E333-8FDC-42A3-9474-1A3956D46DE8}") = "Samples", "Samples", "{6F49DFD5-3F59-4A85-8EFC-5B672B7A99BE}"
EndProject
Project("{FAE04EC0-301F-11D3-BF4B-00C04F79EFBC}") = "RadarIO.Xamarin.iOS.Sample", "Samples\RadarIO.Xamarin.iOS.Sample\RadarIO.Xamarin.iOS.Sample.csproj", "{B98CAEED-EB8F-48D8-B6BC-E394E9A3762B}"
EndProject
Project("{FAE04EC0-301F-11D3-BF4B-00C04F79EFBC}") = "RadarIO.Xamarin.Android", "Library\RadarIO.Xamarin.Android\RadarIO.Xamarin.Android.csproj", "{A58253CF-FE16-41D7-BDAF-E90662E3EB36}"
EndProject
Project("{FAE04EC0-301F-11D3-BF4B-00C04F79EFBC}") = "RadarIO.Xamarin.Android.Sample", "Samples\RadarIO.Xamarin.Android.Sample\RadarIO.Xamarin.Android.Sample.csproj", "{42D59E00-A003-4E84-A449-5DE707425C74}"
EndProject
Project("{D954291E-2A0B-460D-934E-DC6B0785DB48}") = "RadarIO.Xamarin.Shared", "Library\RadarIO.Xamarin.Shared\RadarIO.Xamarin.Shared.shproj", "{10B2EBAE-6715-4F81-9209-3640AB10ACFB}"
EndProject
Project("{2150E333-8FDC-42A3-9474-1A3956D46DE8}") = "Solution Items", "Solution Items", "{EEF021D8-7047-42DB-B9EC-D7C9D6D5D2FF}"
	ProjectSection(SolutionItems) = preProject
		LICENSE.txt = LICENSE.txt
	EndProjectSection
EndProject
Global
	GlobalSection(SolutionConfigurationPlatforms) = preSolution
		Debug|Any CPU = Debug|Any CPU
		Debug|iPhone = Debug|iPhone
		Debug|iPhoneSimulator = Debug|iPhoneSimulator
		Release|Any CPU = Release|Any CPU
		Release|iPhone = Release|iPhone
		Release|iPhoneSimulator = Release|iPhoneSimulator
	EndGlobalSection
	GlobalSection(ProjectConfigurationPlatforms) = postSolution
		{9E0ED523-3FA7-482D-ABFD-EA805D3314E6}.Debug|Any CPU.ActiveCfg = Debug|Any CPU
		{9E0ED523-3FA7-482D-ABFD-EA805D3314E6}.Debug|Any CPU.Build.0 = Debug|Any CPU
		{9E0ED523-3FA7-482D-ABFD-EA805D3314E6}.Debug|iPhone.ActiveCfg = Debug|Any CPU
		{9E0ED523-3FA7-482D-ABFD-EA805D3314E6}.Debug|iPhone.Build.0 = Debug|Any CPU
		{9E0ED523-3FA7-482D-ABFD-EA805D3314E6}.Debug|iPhoneSimulator.ActiveCfg = Debug|Any CPU
		{9E0ED523-3FA7-482D-ABFD-EA805D3314E6}.Debug|iPhoneSimulator.Build.0 = Debug|Any CPU
		{9E0ED523-3FA7-482D-ABFD-EA805D3314E6}.Release|Any CPU.ActiveCfg = Release|Any CPU
		{9E0ED523-3FA7-482D-ABFD-EA805D3314E6}.Release|Any CPU.Build.0 = Release|Any CPU
		{9E0ED523-3FA7-482D-ABFD-EA805D3314E6}.Release|iPhone.ActiveCfg = Release|Any CPU
		{9E0ED523-3FA7-482D-ABFD-EA805D3314E6}.Release|iPhone.Build.0 = Release|Any CPU
		{9E0ED523-3FA7-482D-ABFD-EA805D3314E6}.Release|iPhoneSimulator.ActiveCfg = Release|Any CPU
		{9E0ED523-3FA7-482D-ABFD-EA805D3314E6}.Release|iPhoneSimulator.Build.0 = Release|Any CPU
		{5FB78078-54B6-4051-9657-542C56C8FE74}.Debug|Any CPU.ActiveCfg = Debug|Any CPU
		{5FB78078-54B6-4051-9657-542C56C8FE74}.Debug|Any CPU.Build.0 = Debug|Any CPU
		{5FB78078-54B6-4051-9657-542C56C8FE74}.Debug|iPhone.ActiveCfg = Debug|Any CPU
		{5FB78078-54B6-4051-9657-542C56C8FE74}.Debug|iPhone.Build.0 = Debug|Any CPU
		{5FB78078-54B6-4051-9657-542C56C8FE74}.Debug|iPhoneSimulator.ActiveCfg = Debug|Any CPU
		{5FB78078-54B6-4051-9657-542C56C8FE74}.Debug|iPhoneSimulator.Build.0 = Debug|Any CPU
		{5FB78078-54B6-4051-9657-542C56C8FE74}.Release|Any CPU.ActiveCfg = Release|Any CPU
		{5FB78078-54B6-4051-9657-542C56C8FE74}.Release|Any CPU.Build.0 = Release|Any CPU
		{5FB78078-54B6-4051-9657-542C56C8FE74}.Release|iPhone.ActiveCfg = Release|Any CPU
		{5FB78078-54B6-4051-9657-542C56C8FE74}.Release|iPhone.Build.0 = Release|Any CPU
		{5FB78078-54B6-4051-9657-542C56C8FE74}.Release|iPhoneSimulator.ActiveCfg = Release|Any CPU
		{5FB78078-54B6-4051-9657-542C56C8FE74}.Release|iPhoneSimulator.Build.0 = Release|Any CPU
		{96A9AE3E-4F49-4201-99B4-132D54C4BCD7}.Debug|Any CPU.ActiveCfg = Debug|Any CPU
		{96A9AE3E-4F49-4201-99B4-132D54C4BCD7}.Debug|Any CPU.Build.0 = Debug|Any CPU
		{96A9AE3E-4F49-4201-99B4-132D54C4BCD7}.Debug|iPhone.ActiveCfg = Debug|Any CPU
		{96A9AE3E-4F49-4201-99B4-132D54C4BCD7}.Debug|iPhone.Build.0 = Debug|Any CPU
		{96A9AE3E-4F49-4201-99B4-132D54C4BCD7}.Debug|iPhoneSimulator.ActiveCfg = Debug|Any CPU
		{96A9AE3E-4F49-4201-99B4-132D54C4BCD7}.Debug|iPhoneSimulator.Build.0 = Debug|Any CPU
		{96A9AE3E-4F49-4201-99B4-132D54C4BCD7}.Release|Any CPU.ActiveCfg = Release|Any CPU
		{96A9AE3E-4F49-4201-99B4-132D54C4BCD7}.Release|Any CPU.Build.0 = Release|Any CPU
		{96A9AE3E-4F49-4201-99B4-132D54C4BCD7}.Release|iPhone.ActiveCfg = Release|Any CPU
		{96A9AE3E-4F49-4201-99B4-132D54C4BCD7}.Release|iPhone.Build.0 = Release|Any CPU
		{96A9AE3E-4F49-4201-99B4-132D54C4BCD7}.Release|iPhoneSimulator.ActiveCfg = Release|Any CPU
		{96A9AE3E-4F49-4201-99B4-132D54C4BCD7}.Release|iPhoneSimulator.Build.0 = Release|Any CPU
		{B98CAEED-EB8F-48D8-B6BC-E394E9A3762B}.Debug|Any CPU.ActiveCfg = Debug|iPhoneSimulator
		{B98CAEED-EB8F-48D8-B6BC-E394E9A3762B}.Debug|Any CPU.Build.0 = Debug|iPhoneSimulator
		{B98CAEED-EB8F-48D8-B6BC-E394E9A3762B}.Debug|iPhone.ActiveCfg = Debug|iPhone
		{B98CAEED-EB8F-48D8-B6BC-E394E9A3762B}.Debug|iPhone.Build.0 = Debug|iPhone
		{B98CAEED-EB8F-48D8-B6BC-E394E9A3762B}.Debug|iPhoneSimulator.ActiveCfg = Debug|iPhoneSimulator
		{B98CAEED-EB8F-48D8-B6BC-E394E9A3762B}.Debug|iPhoneSimulator.Build.0 = Debug|iPhoneSimulator
		{B98CAEED-EB8F-48D8-B6BC-E394E9A3762B}.Release|Any CPU.ActiveCfg = Release|iPhoneSimulator
		{B98CAEED-EB8F-48D8-B6BC-E394E9A3762B}.Release|Any CPU.Build.0 = Release|iPhoneSimulator
		{B98CAEED-EB8F-48D8-B6BC-E394E9A3762B}.Release|iPhone.ActiveCfg = Release|iPhone
		{B98CAEED-EB8F-48D8-B6BC-E394E9A3762B}.Release|iPhone.Build.0 = Release|iPhone
		{B98CAEED-EB8F-48D8-B6BC-E394E9A3762B}.Release|iPhoneSimulator.ActiveCfg = Release|iPhoneSimulator
		{B98CAEED-EB8F-48D8-B6BC-E394E9A3762B}.Release|iPhoneSimulator.Build.0 = Release|iPhoneSimulator
		{A58253CF-FE16-41D7-BDAF-E90662E3EB36}.Debug|Any CPU.ActiveCfg = Debug|Any CPU
		{A58253CF-FE16-41D7-BDAF-E90662E3EB36}.Debug|Any CPU.Build.0 = Debug|Any CPU
		{A58253CF-FE16-41D7-BDAF-E90662E3EB36}.Debug|iPhone.ActiveCfg = Debug|Any CPU
		{A58253CF-FE16-41D7-BDAF-E90662E3EB36}.Debug|iPhone.Build.0 = Debug|Any CPU
		{A58253CF-FE16-41D7-BDAF-E90662E3EB36}.Debug|iPhoneSimulator.ActiveCfg = Debug|Any CPU
		{A58253CF-FE16-41D7-BDAF-E90662E3EB36}.Debug|iPhoneSimulator.Build.0 = Debug|Any CPU
		{A58253CF-FE16-41D7-BDAF-E90662E3EB36}.Release|Any CPU.ActiveCfg = Release|Any CPU
		{A58253CF-FE16-41D7-BDAF-E90662E3EB36}.Release|Any CPU.Build.0 = Release|Any CPU
		{A58253CF-FE16-41D7-BDAF-E90662E3EB36}.Release|iPhone.ActiveCfg = Release|Any CPU
		{A58253CF-FE16-41D7-BDAF-E90662E3EB36}.Release|iPhone.Build.0 = Release|Any CPU
		{A58253CF-FE16-41D7-BDAF-E90662E3EB36}.Release|iPhoneSimulator.ActiveCfg = Release|Any CPU
		{A58253CF-FE16-41D7-BDAF-E90662E3EB36}.Release|iPhoneSimulator.Build.0 = Release|Any CPU
		{42D59E00-A003-4E84-A449-5DE707425C74}.Debug|Any CPU.ActiveCfg = Debug|Any CPU
		{42D59E00-A003-4E84-A449-5DE707425C74}.Debug|Any CPU.Build.0 = Debug|Any CPU
		{42D59E00-A003-4E84-A449-5DE707425C74}.Debug|Any CPU.Deploy.0 = Debug|Any CPU
		{42D59E00-A003-4E84-A449-5DE707425C74}.Debug|iPhone.ActiveCfg = Debug|Any CPU
		{42D59E00-A003-4E84-A449-5DE707425C74}.Debug|iPhone.Build.0 = Debug|Any CPU
		{42D59E00-A003-4E84-A449-5DE707425C74}.Debug|iPhoneSimulator.ActiveCfg = Debug|Any CPU
		{42D59E00-A003-4E84-A449-5DE707425C74}.Debug|iPhoneSimulator.Build.0 = Debug|Any CPU
		{42D59E00-A003-4E84-A449-5DE707425C74}.Release|Any CPU.ActiveCfg = Release|Any CPU
		{42D59E00-A003-4E84-A449-5DE707425C74}.Release|Any CPU.Build.0 = Release|Any CPU
		{42D59E00-A003-4E84-A449-5DE707425C74}.Release|iPhone.ActiveCfg = Release|Any CPU
		{42D59E00-A003-4E84-A449-5DE707425C74}.Release|iPhone.Build.0 = Release|Any CPU
		{42D59E00-A003-4E84-A449-5DE707425C74}.Release|iPhoneSimulator.ActiveCfg = Release|Any CPU
		{42D59E00-A003-4E84-A449-5DE707425C74}.Release|iPhoneSimulator.Build.0 = Release|Any CPU
	EndGlobalSection
	GlobalSection(SolutionProperties) = preSolution
		HideSolutionNode = FALSE
	EndGlobalSection
	GlobalSection(NestedProjects) = preSolution
		{9E0ED523-3FA7-482D-ABFD-EA805D3314E6} = {A1060F06-5B69-4231-A449-7A798D3CC5E6}
		{5FB78078-54B6-4051-9657-542C56C8FE74} = {A1060F06-5B69-4231-A449-7A798D3CC5E6}
		{96A9AE3E-4F49-4201-99B4-132D54C4BCD7} = {DB730659-604C-434D-93B4-9B10160BF05F}
		{B98CAEED-EB8F-48D8-B6BC-E394E9A3762B} = {6F49DFD5-3F59-4A85-8EFC-5B672B7A99BE}
		{A58253CF-FE16-41D7-BDAF-E90662E3EB36} = {DB730659-604C-434D-93B4-9B10160BF05F}
		{42D59E00-A003-4E84-A449-5DE707425C74} = {6F49DFD5-3F59-4A85-8EFC-5B672B7A99BE}
		{10B2EBAE-6715-4F81-9209-3640AB10ACFB} = {DB730659-604C-434D-93B4-9B10160BF05F}
	EndGlobalSection
	GlobalSection(ExtensibilityGlobals) = postSolution
		SolutionGuid = {E2DB13CA-DFF2-4565-91BF-E73C6989750C}
	EndGlobalSection
EndGlobal
